
Microsoft Visual Studio Solution File, Format Version 12.00
# Visual Studio Version 17
VisualStudioVersion = 17.14.37216.2
MinimumVisualStudioVersion = 10.0.40219.1
Project("{FAE04EC0-301F-11D3-BF4B-00C04F79EFBC}") = "SSF.Shared", "SSF.Shared\SSF.Shared.csproj", "{41343440-4011-494E-B65C-EAB398E4A5F4}"
EndProject
Project("{FAE04EC0-301F-11D3-BF4B-00C04F79EFBC}") = "SSF.Identity", "SSF.Identity\SSF.Identity.csproj", "{7B1F7BFD-2B90-4CA3-A6B9-8480253CA7D8}"
	ProjectSection(ProjectDependencies) = postProject
		{07A40096-9BE2-4A9A-A695-46AB4CCEC809} = {07A40096-9BE2-4A9A-A695-46AB4CCEC809}
		{41343440-4011-494E-B65C-EAB398E4A5F4} = {41343440-4011-494E-B65C-EAB398E4A5F4}
	EndProjectSection
EndProject
Project("{FAE04EC0-301F-11D3-BF4B-00C04F79EFBC}") = "Stock.App", "Stock.App\Stock.App.csproj", "{7C5AE8D2-8943-46DE-8B91-831CC12B314A}"
	ProjectSection(ProjectDependencies) = postProject
		{07A40096-9BE2-4A9A-A695-46AB4CCEC809} = {07A40096-9BE2-4A9A-A695-46AB4CCEC809}
		{41343440-4011-494E-B65C-EAB398E4A5F4} = {41343440-4011-494E-B65C-EAB398E4A5F4}
		{7691FDCA-E983-4E64-97F2-5EFBDD5AFA6F} = {7691FDCA-E983-4E64-97F2-5EFBDD5AFA6F}
	EndProjectSection
EndProject
Project("{FAE04EC0-301F-11D3-BF4B-00C04F79EFBC}") = "Facturacion.App", "Facturacion.App\Facturacion.App.csproj", "{1EED2E97-7224-49A0-BF19-75C45C4C97AF}"
	ProjectSection(ProjectDependencies) = postProject
		{07A40096-9BE2-4A9A-A695-46AB4CCEC809} = {07A40096-9BE2-4A9A-A695-46AB4CCEC809}
		{41343440-4011-494E-B65C-EAB398E4A5F4} = {41343440-4011-494E-B65C-EAB398E4A5F4}
		{7691FDCA-E983-4E64-97F2-5EFBDD5AFA6F} = {7691FDCA-E983-4E64-97F2-5EFBDD5AFA6F}
	EndProjectSection
EndProject
Project("{FAE04EC0-301F-11D3-BF4B-00C04F79EFBC}") = "SSF.WebApi", "SSF.WebApi\SSF.WebApi.csproj", "{875F37E6-9E22-46B5-A93D-A2C273C0DA7E}"
	ProjectSection(ProjectDependencies) = postProject
		{1EED2E97-7224-49A0-BF19-75C45C4C97AF} = {1EED2E97-7224-49A0-BF19-75C45C4C97AF}
		{41343440-4011-494E-B65C-EAB398E4A5F4} = {41343440-4011-494E-B65C-EAB398E4A5F4}
		{7B1F7BFD-2B90-4CA3-A6B9-8480253CA7D8} = {7B1F7BFD-2B90-4CA3-A6B9-8480253CA7D8}
		{7C5AE8D2-8943-46DE-8B91-831CC12B314A} = {7C5AE8D2-8943-46DE-8B91-831CC12B314A}
	EndProjectSection
EndProject
Project("{FAE04EC0-301F-11D3-BF4B-00C04F79EFBC}") = "SSF.MvcFront", "SSF.MvcFront\SSF.MvcFront.csproj", "{97E25771-4599-449D-9FD0-9CCAA5357BB9}"
	ProjectSection(ProjectDependencies) = postProject
		{41343440-4011-494E-B65C-EAB398E4A5F4} = {41343440-4011-494E-B65C-EAB398E4A5F4}
	EndProjectSection
EndProject
Project("{FAE04EC0-301F-11D3-BF4B-00C04F79EFBC}") = "SSF.Data", "SSF.Data\SSF.Data.csproj", "{7691FDCA-E983-4E64-97F2-5EFBDD5AFA6F}"
	ProjectSection(ProjectDependencies) = postProject
		{07A40096-9BE2-4A9A-A695-46AB4CCEC809} = {07A40096-9BE2-4A9A-A695-46AB4CCEC809}
	EndProjectSection
EndProject
Project("{FAE04EC0-301F-11D3-BF4B-00C04F79EFBC}") = "SSF.Domain", "SSF.Domain\SSF.Domain.csproj", "{07A40096-9BE2-4A9A-A695-46AB4CCEC809}"
EndProject
Project("{2150E333-8FDC-42A3-9474-1A3956D46DE8}") = "Solution Items", "Solution Items", "{8EC462FD-D22E-90A8-E5CE-7E832BA40C5D}"
	ProjectSection(SolutionItems) = preProject
		README.md = README.md
	EndProjectSection
EndProject
Global
	GlobalSection(SolutionConfigurationPlatforms) = preSolution
		Debug|Any CPU = Debug|Any CPU
		Release|Any CPU = Release|Any CPU
	EndGlobalSection
	GlobalSection(ProjectConfigurationPlatforms) = postSolution
		{41343440-4011-494E-B65C-EAB398E4A5F4}.Debug|Any CPU.ActiveCfg = Debug|Any CPU
		{41343440-4011-494E-B65C-EAB398E4A5F4}.Debug|Any CPU.Build.0 = Debug|Any CPU
		{41343440-4011-494E-B65C-EAB398E4A5F4}.Release|Any CPU.ActiveCfg = Release|Any CPU
		{41343440-4011-494E-B65C-EAB398E4A5F4}.Release|Any CPU.Build.0 = Release|Any CPU
		{7B1F7BFD-2B90-4CA3-A6B9-8480253CA7D8}.Debug|Any CPU.ActiveCfg = Debug|Any CPU
		{7B1F7BFD-2B90-4CA3-A6B9-8480253CA7D8}.Debug|Any CPU.Build.0 = Debug|Any CPU
		{7B1F7BFD-2B90-4CA3-A6B9-8480253CA7D8}.Release|Any CPU.ActiveCfg = Release|Any CPU
		{7B1F7BFD-2B90-4CA3-A6B9-8480253CA7D8}.Release|Any CPU.Build.0 = Release|Any CPU
		{7C5AE8D2-8943-46DE-8B91-831CC12B314A}.Debug|Any CPU.ActiveCfg = Debug|Any CPU
		{7C5AE8D2-8943-46DE-8B91-831CC12B314A}.Debug|Any CPU.Build.0 = Debug|Any CPU
		{7C5AE8D2-8943-46DE-8B91-831CC12B314A}.Release|Any CPU.ActiveCfg = Release|Any CPU
		{7C5AE8D2-8943-46DE-8B91-831CC12B314A}.Release|Any CPU.Build.0 = Release|Any CPU
		{1EED2E97-7224-49A0-BF19-75C45C4C97AF}.Debug|Any CPU.ActiveCfg = Debug|Any CPU
		{1EED2E97-7224-49A0-BF19-75C45C4C97AF}.Debug|Any CPU.Build.0 = Debug|Any CPU
		{1EED2E97-7224-49A0-BF19-75C45C4C97AF}.Release|Any CPU.ActiveCfg = Release|Any CPU
		{1EED2E97-7224-49A0-BF19-75C45C4C97AF}.Release|Any CPU.Build.0 = Release|Any CPU
		{875F37E6-9E22-46B5-A93D-A2C273C0DA7E}.Debug|Any CPU.ActiveCfg = Debug|Any CPU
		{875F37E6-9E22-46B5-A93D-A2C273C0DA7E}.Debug|Any CPU.Build.0 = Debug|Any CPU
		{875F37E6-9E22-46B5-A93D-A2C273C0DA7E}.Release|Any CPU.ActiveCfg = Release|Any CPU
		{875F37E6-9E22-46B5-A93D-A2C273C0DA7E}.Release|Any CPU.Build.0 = Release|Any CPU
		{97E25771-4599-449D-9FD0-9CCAA5357BB9}.Debug|Any CPU.ActiveCfg = Debug|Any CPU
		{97E25771-4599-449D-9FD0-9CCAA5357BB9}.Debug|Any CPU.Build.0 = Debug|Any CPU
		{97E25771-4599-449D-9FD0-9CCAA5357BB9}.Release|Any CPU.ActiveCfg = Release|Any CPU
		{97E25771-4599-449D-9FD0-9CCAA5357BB9}.Release|Any CPU.Build.0 = Release|Any CPU
		{7691FDCA-E983-4E64-97F2-5EFBDD5AFA6F}.Debug|Any CPU.ActiveCfg = Debug|Any CPU
		{7691FDCA-E983-4E64-97F2-5EFBDD5AFA6F}.Debug|Any CPU.Build.0 = Debug|Any CPU
		{7691FDCA-E983-4E64-97F2-5EFBDD5AFA6F}.Release|Any CPU.ActiveCfg = Release|Any CPU
		{7691FDCA-E983-4E64-97F2-5EFBDD5AFA6F}.Release|Any CPU.Build.0 = Release|Any CPU
		{07A40096-9BE2-4A9A-A695-46AB4CCEC809}.Debug|Any CPU.ActiveCfg = Debug|Any CPU
		{07A40096-9BE2-4A9A-A695-46AB4CCEC809}.Debug|Any CPU.Build.0 = Debug|Any CPU
		{07A40096-9BE2-4A9A-A695-46AB4CCEC809}.Release|Any CPU.ActiveCfg = Release|Any CPU
		{07A40096-9BE2-4A9A-A695-46AB4CCEC809}.Release|Any CPU.Build.0 = Release|Any CPU
	EndGlobalSection
	GlobalSection(SolutionProperties) = preSolution
		HideSolutionNode = FALSE
	EndGlobalSection
	GlobalSection(ExtensibilityGlobals) = postSolution
		SolutionGuid = {C0A52658-1256-40D0-BCE7-F22756F09CA6}
	EndGlobalSection
EndGlobal
